// !$*UTF8*$!
{
	archiveVersion = 1;
	classes = {
	};
	objectVersion = 50;
	objects = {

/* Begin PBXBuildFile section */
		1DFD97E5251C22DD00563E0C /* AppDelegate.swift in Sources */ = {isa = PBXBuildFile; fileRef = 1DFD97E4251C22DD00563E0C /* AppDelegate.swift */; };
		1DFD97E7251C22DD00563E0C /* SceneDelegate.swift in Sources */ = {isa = PBXBuildFile; fileRef = 1DFD97E6251C22DD00563E0C /* SceneDelegate.swift */; };
		1DFD97E9251C22DD00563E0C /* ViewController.swift in Sources */ = {isa = PBXBuildFile; fileRef = 1DFD97E8251C22DD00563E0C /* ViewController.swift */; };
		1DFD97EC251C22DD00563E0C /* Main.storyboard in Resources */ = {isa = PBXBuildFile; fileRef = 1DFD97EA251C22DD00563E0C /* Main.storyboard */; };
		1DFD97EE251C22DF00563E0C /* Assets.xcassets in Resources */ = {isa = PBXBuildFile; fileRef = 1DFD97ED251C22DF00563E0C /* Assets.xcassets */; };
		1DFD97F1251C22DF00563E0C /* LaunchScreen.storyboard in Resources */ = {isa = PBXBuildFile; fileRef = 1DFD97EF251C22DF00563E0C /* LaunchScreen.storyboard */; };
		1DFD97FC251C22E000563E0C /* FlixTests.swift in Sources */ = {isa = PBXBuildFile; fileRef = 1DFD97FB251C22E000563E0C /* FlixTests.swift */; };
		1DFD9807251C22E000563E0C /* FlixUITests.swift in Sources */ = {isa = PBXBuildFile; fileRef = 1DFD9806251C22E000563E0C /* FlixUITests.swift */; };
/* End PBXBuildFile section */

/* Begin PBXContainerItemProxy section */
		1DFD97F8251C22E000563E0C /* PBXContainerItemProxy */ = {
			isa = PBXContainerItemProxy;
			containerPortal = 1DFD97D9251C22DC00563E0C /* Project object */;
			proxyType = 1;
			remoteGlobalIDString = 1DFD97E0251C22DC00563E0C;
			remoteInfo = Flix;
		};
		1DFD9803251C22E000563E0C /* PBXContainerItemProxy */ = {
			isa = PBXContainerItemProxy;
			containerPortal = 1DFD97D9251C22DC00563E0C /* Project object */;
			proxyType = 1;
			remoteGlobalIDString = 1DFD97E0251C22DC00563E0C;
			remoteInfo = Flix;
		};
/* End PBXContainerItemProxy section */

/* Begin PBXFileReference section */
		1DFD97E1251C22DD00563E0C /* Flix.app */ = {isa = PBXFileReference; explicitFileType = wrapper.application; includeInIndex = 0; path = Flix.app; sourceTree = BUILT_PRODUCTS_DIR; };
		1DFD97E4251C22DD00563E0C /* AppDelegate.swift */ = {isa = PBXFileReference; lastKnownFileType = sourcecode.swift; path = AppDelegate.swift; sourceTree = "<group>"; };
		1DFD97E6251C22DD00563E0C /* SceneDelegate.swift */ = {isa = PBXFileReference; lastKnownFileType = sourcecode.swift; path = SceneDelegate.swift; sourceTree = "<group>"; };
		1DFD97E8251C22DD00563E0C /* ViewController.swift */ = {isa = PBXFileReference; lastKnownFileType = sourcecode.swift; path = ViewController.swift; sourceTree = "<group>"; };
		1DFD97EB251C22DD00563E0C /* Base */ = {isa = PBXFileReference; lastKnownFileType = file.storyboard; name = Base; path = Base.lproj/Main.storyboard; sourceTree = "<group>"; };
		1DFD97ED251C22DF00563E0C /* Assets.xcassets */ = {isa = PBXFileReference; lastKnownFileType = folder.assetcatalog; path = Assets.xcassets; sourceTree = "<group>"; };
		1DFD97F0251C22DF00563E0C /* Base */ = {isa = PBXFileReference; lastKnownFileType = file.storyboard; name = Base; path = Base.lproj/LaunchScreen.storyboard; sourceTree = "<group>"; };
		1DFD97F2251C22DF00563E0C /* Info.plist */ = {isa = PBXFileReference; lastKnownFileType = text.plist.xml; path = Info.plist; sourceTree = "<group>"; };
		1DFD97F7251C22E000563E0C /* FlixTests.xctest */ = {isa = PBXFileReference; explicitFileType = wrapper.cfbundle; includeInIndex = 0; path = FlixTests.xctest; sourceTree = BUILT_PRODUCTS_DIR; };
		1DFD97FB251C22E000563E0C /* FlixTests.swift */ = {isa = PBXFileReference; lastKnownFileType = sourcecode.swift; path = FlixTests.swift; sourceTree = "<group>"; };
		1DFD97FD251C22E000563E0C /* Info.plist */ = {isa = PBXFileReference; lastKnownFileType = text.plist.xml; path = Info.plist; sourceTree = "<group>"; };
		1DFD9802251C22E000563E0C /* FlixUITests.xctest */ = {isa = PBXFileReference; explicitFileType = wrapper.cfbundle; includeInIndex = 0; path = FlixUITests.xctest; sourceTree = BUILT_PRODUCTS_DIR; };
		1DFD9806251C22E000563E0C /* FlixUITests.swift */ = {isa = PBXFileReference; lastKnownFileType = sourcecode.swift; path = FlixUITests.swift; sourceTree = "<group>"; };
		1DFD9808251C22E000563E0C /* Info.plist */ = {isa = PBXFileReference; lastKnownFileType = text.plist.xml; path = Info.plist; sourceTree = "<group>"; };
/* End PBXFileReference section */

/* Begin PBXFrameworksBuildPhase section */
		1DFD97DE251C22DC00563E0C /* Frameworks */ = {
			isa = PBXFrameworksBuildPhase;
			buildActionMask = 2147483647;
			files = (
			);
			runOnlyForDeploymentPostprocessing = 0;
		};
		1DFD97F4251C22E000563E0C /* Frameworks */ = {
			isa = PBXFrameworksBuildPhase;
			buildActionMask = 2147483647;
			files = (
			);
			runOnlyForDeploymentPostprocessing = 0;
		};
		1DFD97FF251C22E000563E0C /* Frameworks */ = {
			isa = PBXFrameworksBuildPhase;
			buildActionMask = 2147483647;
			files = (
			);
			runOnlyForDeploymentPostprocessing = 0;
		};
/* End PBXFrameworksBuildPhase section */

/* Begin PBXGroup section */
		1DFD97D8251C22DC00563E0C = {
			isa = PBXGroup;
			children = (
				1DFD97E3251C22DD00563E0C /* Flix */,
				1DFD97FA251C22E000563E0C /* FlixTests */,
				1DFD9805251C22E000563E0C /* FlixUITests */,
				1DFD97E2251C22DD00563E0C /* Products */,
			);
			sourceTree = "<group>";
		};
		1DFD97E2251C22DD00563E0C /* Products */ = {
			isa = PBXGroup;
			children = (
				1DFD97E1251C22DD00563E0C /* Flix.app */,
				1DFD97F7251C22E000563E0C /* FlixTests.xctest */,
				1DFD9802251C22E000563E0C /* FlixUITests.xctest */,
			);
			name = Products;
			sourceTree = "<group>";
		};
		1DFD97E3251C22DD00563E0C /* Flix */ = {
			isa = PBXGroup;
			children = (
				1DFD97E4251C22DD00563E0C /* AppDelegate.swift */,
				1DFD97E6251C22DD00563E0C /* SceneDelegate.swift */,
				1DFD97E8251C22DD00563E0C /* ViewController.swift */,
				1DFD97EA251C22DD00563E0C /* Main.storyboard */,
				1DFD97ED251C22DF00563E0C /* Assets.xcassets */,
				1DFD97EF251C22DF00563E0C /* LaunchScreen.storyboard */,
				1DFD97F2251C22DF00563E0C /* Info.plist */,
			);
			path = Flix;
			sourceTree = "<group>";
		};
		1DFD97FA251C22E000563E0C /* FlixTests */ = {
			isa = PBXGroup;
			children = (
				1DFD97FB251C22E000563E0C /* FlixTests.swift */,
				1DFD97FD251C22E000563E0C /* Info.plist */,
			);
			path = FlixTests;
			sourceTree = "<group>";
		};
		1DFD9805251C22E000563E0C /* FlixUITests */ = {
			isa = PBXGroup;
			children = (
				1DFD9806251C22E000563E0C /* FlixUITests.swift */,
				1DFD9808251C22E000563E0C /* Info.plist */,
			);
			path = FlixUITests;
			sourceTree = "<group>";
		};
/* End PBXGroup section */

/* Begin PBXNativeTarget section */
		1DFD97E0251C22DC00563E0C /* Flix */ = {
			isa = PBXNativeTarget;
			buildConfigurationList = 1DFD980B251C22E000563E0C /* Build configuration list for PBXNativeTarget "Flix" */;
			buildPhases = (
				1DFD97DD251C22DC00563E0C /* Sources */,
				1DFD97DE251C22DC00563E0C /* Frameworks */,
				1DFD97DF251C22DC00563E0C /* Resources */,
			);
			buildRules = (
			);
			dependencies = (
			);
			name = Flix;
			productName = Flix;
			productReference = 1DFD97E1251C22DD00563E0C /* Flix.app */;
			productType = "com.apple.product-type.application";
		};
		1DFD97F6251C22E000563E0C /* FlixTests */ = {
			isa = PBXNativeTarget;
			buildConfigurationList = 1DFD980E251C22E000563E0C /* Build configuration list for PBXNativeTarget "FlixTests" */;
			buildPhases = (
				1DFD97F3251C22E000563E0C /* Sources */,
				1DFD97F4251C22E000563E0C /* Frameworks */,
				1DFD97F5251C22E000563E0C /* Resources */,
			);
			buildRules = (
			);
			dependencies = (
				1DFD97F9251C22E000563E0C /* PBXTargetDependency */,
			);
			name = FlixTests;
			productName = FlixTests;
			productReference = 1DFD97F7251C22E000563E0C /* FlixTests.xctest */;
			productType = "com.apple.product-type.bundle.unit-test";
		};
		1DFD9801251C22E000563E0C /* FlixUITests */ = {
			isa = PBXNativeTarget;
			buildConfigurationList = 1DFD9811251C22E000563E0C /* Build configuration list for PBXNativeTarget "FlixUITests" */;
			buildPhases = (
				1DFD97FE251C22E000563E0C /* Sources */,
				1DFD97FF251C22E000563E0C /* Frameworks */,
				1DFD9800251C22E000563E0C /* Resources */,
			);
			buildRules = (
			);
			dependencies = (
				1DFD9804251C22E000563E0C /* PBXTargetDependency */,
			);
			name = FlixUITests;
			productName = FlixUITests;
			productReference = 1DFD9802251C22E000563E0C /* FlixUITests.xctest */;
			productType = "com.apple.product-type.bundle.ui-testing";
		};
/* End PBXNativeTarget section */

/* Begin PBXProject section */
		1DFD97D9251C22DC00563E0C /* Project object */ = {
			isa = PBXProject;
			attributes = {
				LastSwiftUpdateCheck = 1200;
				LastUpgradeCheck = 1200;
				TargetAttributes = {
					1DFD97E0251C22DC00563E0C = {
						CreatedOnToolsVersion = 12.0;
					};
					1DFD97F6251C22E000563E0C = {
						CreatedOnToolsVersion = 12.0;
						TestTargetID = 1DFD97E0251C22DC00563E0C;
					};
					1DFD9801251C22E000563E0C = {
						CreatedOnToolsVersion = 12.0;
						TestTargetID = 1DFD97E0251C22DC00563E0C;
					};
				};
			};
			buildConfigurationList = 1DFD97DC251C22DC00563E0C /* Build configuration list for PBXProject "Flix" */;
			compatibilityVersion = "Xcode 9.3";
			developmentRegion = en;
			hasScannedForEncodings = 0;
			knownRegions = (
				en,
				Base,
			);
			mainGroup = 1DFD97D8251C22DC00563E0C;
			productRefGroup = 1DFD97E2251C22DD00563E0C /* Products */;
			projectDirPath = "";
			projectRoot = "";
			targets = (
				1DFD97E0251C22DC00563E0C /* Flix */,
				1DFD97F6251C22E000563E0C /* FlixTests */,
				1DFD9801251C22E000563E0C /* FlixUITests */,
			);
		};
/* End PBXProject section */

/* Begin PBXResourcesBuildPhase section */
		1DFD97DF251C22DC00563E0C /* Resources */ = {
			isa = PBXResourcesBuildPhase;
			buildActionMask = 2147483647;
			files = (
				1DFD97F1251C22DF00563E0C /* LaunchScreen.storyboard in Resources */,
				1DFD97EE251C22DF00563E0C /* Assets.xcassets in Resources */,
				1DFD97EC251C22DD00563E0C /* Main.storyboard in Resources */,
			);
			runOnlyForDeploymentPostprocessing = 0;
		};
		1DFD97F5251C22E000563E0C /* Resources */ = {
			isa = PBXResourcesBuildPhase;
			buildActionMask = 2147483647;
			files = (
			);
			runOnlyForDeploymentPostprocessing = 0;
		};
		1DFD9800251C22E000563E0C /* Resources */ = {
			isa = PBXResourcesBuildPhase;
			buildActionMask = 2147483647;
			files = (
			);
			runOnlyForDeploymentPostprocessing = 0;
		};
/* End PBXResourcesBuildPhase section */

/* Begin PBXSourcesBuildPhase section */
		1DFD97DD251C22DC00563E0C /* Sources */ = {
			isa = PBXSourcesBuildPhase;
			buildActionMask = 2147483647;
			files = (
				1DFD97E9251C22DD00563E0C /* ViewController.swift in Sources */,
				1DFD97E5251C22DD00563E0C /* AppDelegate.swift in Sources */,
				1DFD97E7251C22DD00563E0C /* SceneDelegate.swift in Sources */,
			);
			runOnlyForDeploymentPostprocessing = 0;
		};
		1DFD97F3251C22E000563E0C /* Sources */ = {
			isa = PBXSourcesBuildPhase;
			buildActionMask = 2147483647;
			files = (
				1DFD97FC251C22E000563E0C /* FlixTests.swift in Sources */,
			);
			runOnlyForDeploymentPostprocessing = 0;
		};
		1DFD97FE251C22E000563E0C /* Sources */ = {
			isa = PBXSourcesBuildPhase;
			buildActionMask = 2147483647;
			files = (
				1DFD9807251C22E000563E0C /* FlixUITests.swift in Sources */,
			);
			runOnlyForDeploymentPostprocessing = 0;
		};
/* End PBXSourcesBuildPhase section */

/* Begin PBXTargetDependency section */
		1DFD97F9251C22E000563E0C /* PBXTargetDependency */ = {
			isa = PBXTargetDependency;
			target = 1DFD97E0251C22DC00563E0C /* Flix */;
			targetProxy = 1DFD97F8251C22E000563E0C /* PBXContainerItemProxy */;
		};
		1DFD9804251C22E000563E0C /* PBXTargetDependency */ = {
			isa = PBXTargetDependency;
			target = 1DFD97E0251C22DC00563E0C /* Flix */;
			targetProxy = 1DFD9803251C22E000563E0C /* PBXContainerItemProxy */;
		};
/* End PBXTargetDependency section */

/* Begin PBXVariantGroup section */
		1DFD97EA251C22DD00563E0C /* Main.storyboard */ = {
			isa = PBXVariantGroup;
			children = (
				1DFD97EB251C22DD00563E0C /* Base */,
			);
			name = Main.storyboard;
			sourceTree = "<group>";
		};
		1DFD97EF251C22DF00563E0C /* LaunchScreen.storyboard */ = {
			isa = PBXVariantGroup;
			children = (
				1DFD97F0251C22DF00563E0C /* Base */,
			);
			name = LaunchScreen.storyboard;
			sourceTree = "<group>";
		};
/* End PBXVariantGroup section */

/* Begin XCBuildConfiguration section */
		1DFD9809251C22E000563E0C /* Debug */ = {
			isa = XCBuildConfiguration;
			buildSettings = {
				ALWAYS_SEARCH_USER_PATHS = NO;
				CLANG_ANALYZER_NONNULL = YES;
				CLANG_ANALYZER_NUMBER_OBJECT_CONVERSION = YES_AGGRESSIVE;
				CLANG_CXX_LANGUAGE_STANDARD = "gnu++14";
				CLANG_CXX_LIBRARY = "libc++";
				CLANG_ENABLE_MODULES = YES;
				CLANG_ENABLE_OBJC_ARC = YES;
				CLANG_ENABLE_OBJC_WEAK = YES;
				CLANG_WARN_BLOCK_CAPTURE_AUTORELEASING = YES;
				CLANG_WARN_BOOL_CONVERSION = YES;
				CLANG_WARN_COMMA = YES;
				CLANG_WARN_CONSTANT_CONVERSION = YES;
				CLANG_WARN_DEPRECATED_OBJC_IMPLEMENTATIONS = YES;
				CLANG_WARN_DIRECT_OBJC_ISA_USAGE = YES_ERROR;
				CLANG_WARN_DOCUMENTATION_COMMENTS = YES;
				CLANG_WARN_EMPTY_BODY = YES;
				CLANG_WARN_ENUM_CONVERSION = YES;
				CLANG_WARN_INFINITE_RECURSION = YES;
				CLANG_WARN_INT_CONVERSION = YES;
				CLANG_WARN_NON_LITERAL_NULL_CONVERSION = YES;
				CLANG_WARN_OBJC_IMPLICIT_RETAIN_SELF = YES;
				CLANG_WARN_OBJC_LITERAL_CONVERSION = YES;
				CLANG_WARN_OBJC_ROOT_CLASS = YES_ERROR;
				CLANG_WARN_QUOTED_INCLUDE_IN_FRAMEWORK_HEADER = YES;
				CLANG_WARN_RANGE_LOOP_ANALYSIS = YES;
				CLANG_WARN_STRICT_PROTOTYPES = YES;
				CLANG_WARN_SUSPICIOUS_MOVE = YES;
				CLANG_WARN_UNGUARDED_AVAILABILITY = YES_AGGRESSIVE;
				CLANG_WARN_UNREACHABLE_CODE = YES;
				CLANG_WARN__DUPLICATE_METHOD_MATCH = YES;
				COPY_PHASE_STRIP = NO;
				DEBUG_INFORMATION_FORMAT = dwarf;
				ENABLE_STRICT_OBJC_MSGSEND = YES;
				ENABLE_TESTABILITY = YES;
				GCC_C_LANGUAGE_STANDARD = gnu11;
				GCC_DYNAMIC_NO_PIC = NO;
				GCC_NO_COMMON_BLOCKS = YES;
				GCC_OPTIMIZATION_LEVEL = 0;
				GCC_PREPROCESSOR_DEFINITIONS = (
					"DEBUG=1",
					"$(inherited)",
				);
				GCC_WARN_64_TO_32_BIT_CONVERSION = YES;
				GCC_WARN_ABOUT_RETURN_TYPE = YES_ERROR;
				GCC_WARN_UNDECLARED_SELECTOR = YES;
				GCC_WARN_UNINITIALIZED_AUTOS = YES_AGGRESSIVE;
				GCC_WARN_UNUSED_FUNCTION = YES;
				GCC_WARN_UNUSED_VARIABLE = YES;
				IPHONEOS_DEPLOYMENT_TARGET = 14.0;
				MTL_ENABLE_DEBUG_INFO = INCLUDE_SOURCE;
				MTL_FAST_MATH = YES;
				ONLY_ACTIVE_ARCH = YES;
				SDKROOT = iphoneos;
				SWIFT_ACTIVE_COMPILATION_CONDITIONS = DEBUG;
				SWIFT_OPTIMIZATION_LEVEL = "-Onone";
			};
			name = Debug;
		};
		1DFD980A251C22E000563E0C /* Release */ = {
			isa = XCBuildConfiguration;
			buildSettings = {
				ALWAYS_SEARCH_USER_PATHS = NO;
				CLANG_ANALYZER_NONNULL = YES;
				CLANG_ANALYZER_NUMBER_OBJECT_CONVERSION = YES_AGGRESSIVE;
				CLANG_CXX_LANGUAGE_STANDARD = "gnu++14";
				CLANG_CXX_LIBRARY = "libc++";
				CLANG_ENABLE_MODULES = YES;
				CLANG_ENABLE_OBJC_ARC = YES;
				CLANG_ENABLE_OBJC_WEAK = YES;
				CLANG_WARN_BLOCK_CAPTURE_AUTORELEASING = YES;
				CLANG_WARN_BOOL_CONVERSION = YES;
				CLANG_WARN_COMMA = YES;
				CLANG_WARN_CONSTANT_CONVERSION = YES;
				CLANG_WARN_DEPRECATED_OBJC_IMPLEMENTATIONS = YES;
				CLANG_WARN_DIRECT_OBJC_ISA_USAGE = YES_ERROR;
				CLANG_WARN_DOCUMENTATION_COMMENTS = YES;
				CLANG_WARN_EMPTY_BODY = YES;
				CLANG_WARN_ENUM_CONVERSION = YES;
				CLANG_WARN_INFINITE_RECURSION = YES;
				CLANG_WARN_INT_CONVERSION = YES;
				CLANG_WARN_NON_LITERAL_NULL_CONVERSION = YES;
				CLANG_WARN_OBJC_IMPLICIT_RETAIN_SELF = YES;
				CLANG_WARN_OBJC_LITERAL_CONVERSION = YES;
				CLANG_WARN_OBJC_ROOT_CLASS = YES_ERROR;
				CLANG_WARN_QUOTED_INCLUDE_IN_FRAMEWORK_HEADER = YES;
				CLANG_WARN_RANGE_LOOP_ANALYSIS = YES;
				CLANG_WARN_STRICT_PROTOTYPES = YES;
				CLANG_WARN_SUSPICIOUS_MOVE = YES;
				CLANG_WARN_UNGUARDED_AVAILABILITY = YES_AGGRESSIVE;
				CLANG_WARN_UNREACHABLE_CODE = YES;
				CLANG_WARN__DUPLICATE_METHOD_MATCH = YES;
				COPY_PHASE_STRIP = NO;
				DEBUG_INFORMATION_FORMAT = "dwarf-with-dsym";
				ENABLE_NS_ASSERTIONS = NO;
				ENABLE_STRICT_OBJC_MSGSEND = YES;
				GCC_C_LANGUAGE_STANDARD = gnu11;
				GCC_NO_COMMON_BLOCKS = YES;
				GCC_WARN_64_TO_32_BIT_CONVERSION = YES;
				GCC_WARN_ABOUT_RETURN_TYPE = YES_ERROR;
				GCC_WARN_UNDECLARED_SELECTOR = YES;
				GCC_WARN_UNINITIALIZED_AUTOS = YES_AGGRESSIVE;
				GCC_WARN_UNUSED_FUNCTION = YES;
				GCC_WARN_UNUSED_VARIABLE = YES;
				IPHONEOS_DEPLOYMENT_TARGET = 14.0;
				MTL_ENABLE_DEBUG_INFO = NO;
				MTL_FAST_MATH = YES;
				SDKROOT = iphoneos;
				SWIFT_COMPILATION_MODE = wholemodule;
				SWIFT_OPTIMIZATION_LEVEL = "-O";
				VALIDATE_PRODUCT = YES;
			};
			name = Release;
		};
		1DFD980C251C22E000563E0C /* Debug */ = {
			isa = XCBuildConfiguration;
			buildSettings = {
				ASSETCATALOG_COMPILER_APPICON_NAME = AppIcon;
				ASSETCATALOG_COMPILER_GLOBAL_ACCENT_COLOR_NAME = AccentColor;
				CODE_SIGN_STYLE = Automatic;
				DEVELOPMENT_TEAM = JDH254PXRC;
				INFOPLIST_FILE = Flix/Info.plist;
				LD_RUNPATH_SEARCH_PATHS = (
					"$(inherited)",
					"@executable_path/Frameworks",
				);
				PRODUCT_BUNDLE_IDENTIFIER = Codepath.Flix;
				PRODUCT_NAME = "$(TARGET_NAME)";
				SWIFT_VERSION = 5.0;
				TARGETED_DEVICE_FAMILY = "1,2";
			};
			name = Debug;
		};
		1DFD980D251C22E000563E0C /* Release */ = {
			isa = XCBuildConfiguration;
			buildSettings = {
				ASSETCATALOG_COMPILER_APPICON_NAME = AppIcon;
				ASSETCATALOG_COMPILER_GLOBAL_ACCENT_COLOR_NAME = AccentColor;
				CODE_SIGN_STYLE = Automatic;
				DEVELOPMENT_TEAM = JDH254PXRC;
				INFOPLIST_FILE = Flix/Info.plist;
				LD_RUNPATH_SEARCH_PATHS = (
					"$(inherited)",
					"@executable_path/Frameworks",
				);
				PRODUCT_BUNDLE_IDENTIFIER = Codepath.Flix;
				PRODUCT_NAME = "$(TARGET_NAME)";
				SWIFT_VERSION = 5.0;
				TARGETED_DEVICE_FAMILY = "1,2";
			};
			name = Release;
		};
		1DFD980F251C22E000563E0C /* Debug */ = {
			isa = XCBuildConfiguration;
			buildSettings = {
				ALWAYS_EMBED_SWIFT_STANDARD_LIBRARIES = YES;
				BUNDLE_LOADER = "$(TEST_HOST)";
				CODE_SIGN_STYLE = Automatic;
				DEVELOPMENT_TEAM = JDH254PXRC;
				INFOPLIST_FILE = FlixTests/Info.plist;
				IPHONEOS_DEPLOYMENT_TARGET = 14.0;
				LD_RUNPATH_SEARCH_PATHS = (
					"$(inherited)",
					"@executable_path/Frameworks",
					"@loader_path/Frameworks",
				);
				PRODUCT_BUNDLE_IDENTIFIER = Codepath.FlixTests;
				PRODUCT_NAME = "$(TARGET_NAME)";
				SWIFT_VERSION = 5.0;
				TARGETED_DEVICE_FAMILY = "1,2";
				TEST_HOST = "$(BUILT_PRODUCTS_DIR)/Flix.app/Flix";
			};
			name = Debug;
		};
		1DFD9810251C22E000563E0C /* Release */ = {
			isa = XCBuildConfiguration;
			buildSettings = {
				ALWAYS_EMBED_SWIFT_STANDARD_LIBRARIES = YES;
				BUNDLE_LOADER = "$(TEST_HOST)";
				CODE_SIGN_STYLE = Automatic;
				DEVELOPMENT_TEAM = JDH254PXRC;
				INFOPLIST_FILE = FlixTests/Info.plist;
				IPHONEOS_DEPLOYMENT_TARGET = 14.0;
				LD_RUNPATH_SEARCH_PATHS = (
					"$(inherited)",
					"@executable_path/Frameworks",
					"@loader_path/Frameworks",
				);
				PRODUCT_BUNDLE_IDENTIFIER = Codepath.FlixTests;
				PRODUCT_NAME = "$(TARGET_NAME)";
				SWIFT_VERSION = 5.0;
				TARGETED_DEVICE_FAMILY = "1,2";
				TEST_HOST = "$(BUILT_PRODUCTS_DIR)/Flix.app/Flix";
			};
			name = Release;
		};
		1DFD9812251C22E000563E0C /* Debug */ = {
			isa = XCBuildConfiguration;
			buildSettings = {
				ALWAYS_EMBED_SWIFT_STANDARD_LIBRARIES = YES;
				CODE_SIGN_STYLE = Automatic;
				DEVELOPMENT_TEAM = JDH254PXRC;
				INFOPLIST_FILE = FlixUITests/Info.plist;
				LD_RUNPATH_SEARCH_PATHS = (
					"$(inherited)",
					"@executable_path/Frameworks",
					"@loader_path/Frameworks",
				);
				PRODUCT_BUNDLE_IDENTIFIER = Codepath.FlixUITests;
				PRODUCT_NAME = "$(TARGET_NAME)";
				SWIFT_VERSION = 5.0;
				TARGETED_DEVICE_FAMILY = "1,2";
				TEST_TARGET_NAME = Flix;
			};
			name = Debug;
		};
		1DFD9813251C22E000563E0C /* Release */ = {
			isa = XCBuildConfiguration;
			buildSettings = {
				ALWAYS_EMBED_SWIFT_STANDARD_LIBRARIES = YES;
				CODE_SIGN_STYLE = Automatic;
				DEVELOPMENT_TEAM = JDH254PXRC;
				INFOPLIST_FILE = FlixUITests/Info.plist;
				LD_RUNPATH_SEARCH_PATHS = (
					"$(inherited)",
					"@executable_path/Frameworks",
					"@loader_path/Frameworks",
				);
				PRODUCT_BUNDLE_IDENTIFIER = Codepath.FlixUITests;
				PRODUCT_NAME = "$(TARGET_NAME)";
				SWIFT_VERSION = 5.0;
				TARGETED_DEVICE_FAMILY = "1,2";
				TEST_TARGET_NAME = Flix;
			};
			name = Release;
		};
/* End XCBuildConfiguration section */

/* Begin XCConfigurationList section */
		1DFD97DC251C22DC00563E0C /* Build configuration list for PBXProject "Flix" */ = {
			isa = XCConfigurationList;
			buildConfigurations = (
				1DFD9809251C22E000563E0C /* Debug */,
				1DFD980A251C22E000563E0C /* Release */,
			);
			defaultConfigurationIsVisible = 0;
			defaultConfigurationName = Release;
		};
		1DFD980B251C22E000563E0C /* Build configuration list for PBXNativeTarget "Flix" */ = {
			isa = XCConfigurationList;
			buildConfigurations = (
				1DFD980C251C22E000563E0C /* Debug */,
				1DFD980D251C22E000563E0C /* Release */,
			);
			defaultConfigurationIsVisible = 0;
			defaultConfigurationName = Release;
		};
		1DFD980E251C22E000563E0C /* Build configuration list for PBXNativeTarget "FlixTests" */ = {
			isa = XCConfigurationList;
			buildConfigurations = (
				1DFD980F251C22E000563E0C /* Debug */,
				1DFD9810251C22E000563E0C /* Release */,
			);
			defaultConfigurationIsVisible = 0;
			defaultConfigurationName = Release;
		};
		1DFD9811251C22E000563E0C /* Build configuration list for PBXNativeTarget "FlixUITests" */ = {
			isa = XCConfigurationList;
			buildConfigurations = (
				1DFD9812251C22E000563E0C /* Debug */,
				1DFD9813251C22E000563E0C /* Release */,
			);
			defaultConfigurationIsVisible = 0;
			defaultConfigurationName = Release;
		};
/* End XCConfigurationList section */
	};
	rootObject = 1DFD97D9251C22DC00563E0C /* Project object */;
}
